{
	"name": "mixcloud",
	"version": "0.1.3",
	"lockfileVersion": 2,
	"requires": true,
	"packages": {
		"": {
			"name": "mixcloud",
			"version": "0.1.3",
			"license": "MIT",
			"dependencies": {
				"array-shuffle": "^2.0.0",
				"kew": "^0.7.0",
				"m3u8-parser": "^4.7.0",
				"md5": "^2.3.0",
				"miniget": "^4.2.1",
				"mixcloud-fetch": "^0.1.1",
				"node-cache": "^5.1.2",
				"slugify": "^1.6.1",
				"string-format": "^2.0.0",
				"v-conf": "^1.4.2"
			},
			"engines": {
				"node": ">=8",
				"volumio": ">=3"
			}
		},
		"node_modules/@babel/runtime": {
			"version": "7.22.15",
			"resolved": "https://registry.npmjs.org/@babel/runtime/-/runtime-7.22.15.tgz",
			"integrity": "sha512-T0O+aa+4w0u06iNmapipJXMV4HoUir03hpx3/YqXXhu9xim3w+dVphjFWl1OH8NbZHw5Lbm9k45drDkgq2VNNA==",
			"dependencies": {
				"regenerator-runtime": "^0.14.0"
			},
			"engines": {
				"node": ">=6.9.0"
			}
		},
		"node_modules/@videojs/vhs-utils": {
			"version": "3.0.5",
			"resolved": "https://registry.npmjs.org/@videojs/vhs-utils/-/vhs-utils-3.0.5.tgz",
			"integrity": "sha512-PKVgdo8/GReqdx512F+ombhS+Bzogiofy1LgAj4tN8PfdBx3HSS7V5WfJotKTqtOWGwVfSWsrYN/t09/DSryrw==",
			"dependencies": {
				"@babel/runtime": "^7.12.5",
				"global": "^4.4.0",
				"url-toolkit": "^2.2.1"
			},
			"engines": {
				"node": ">=8",
				"npm": ">=5"
			}
		},
		"node_modules/array-shuffle": {
			"version": "2.0.0",
			"resolved": "https://registry.npmjs.org/array-shuffle/-/array-shuffle-2.0.0.tgz",
			"integrity": "sha512-rJTchCppiO6QsQnN51KDH1cgMYm13B+ybxFS5GgdBdTTHpZcrq3M7SOBgzp+L9fqqnjkFDiwdEVcX1wINgl9DQ==",
			"engines": {
				"node": ">=10"
			},
			"funding": {
				"url": "https://github.com/sponsors/sindresorhus"
			}
		},
		"node_modules/base64-min": {
			"version": "2.0.0",
			"resolved": "https://registry.npmjs.org/base64-min/-/base64-min-2.0.0.tgz",
			"integrity": "sha512-46/BQt043DFuLmaFmMsvFhwF0HROwo3gK3J0JbQSc2crVvI3bQnIb1NDdFqoC3hFZa213jDRIjwOZwy2R2ZUoQ=="
		},
		"node_modules/bottleneck": {
			"version": "2.19.5",
			"resolved": "https://registry.npmjs.org/bottleneck/-/bottleneck-2.19.5.tgz",
			"integrity": "sha512-VHiNCbI1lKdl44tGrhNfU3lup0Tj/ZBMJB5/2ZbNXRCPuRCO7ed2mgcK4r17y+KB2EfuYuRaVlwNbAeaWGSpbw=="
		},
		"node_modules/charenc": {
			"version": "0.0.2",
			"resolved": "https://registry.npmjs.org/charenc/-/charenc-0.0.2.tgz",
			"integrity": "sha512-yrLQ/yVUFXkzg7EDQsPieE/53+0RlaWTs+wBrvW36cyilJ2SaDWfl4Yj7MtLTXleV9uEKefbAGUPv2/iWSooRA==",
			"engines": {
				"node": "*"
			}
		},
		"node_modules/clone": {
			"version": "2.1.2",
			"resolved": "https://registry.npmjs.org/clone/-/clone-2.1.2.tgz",
			"integrity": "sha512-3Pe/CF1Nn94hyhIYpjtiLhdCoEoz0DqQ+988E9gmeEdQZlojxnOb74wctFyuwWQHzqyf9X7C7MG8juUpqBJT8w==",
			"engines": {
				"node": ">=0.8"
			}
		},
		"node_modules/crypt": {
			"version": "0.0.2",
			"resolved": "https://registry.npmjs.org/crypt/-/crypt-0.0.2.tgz",
			"integrity": "sha512-mCxBlsHFYh9C+HVpiEacem8FEBnMXgU9gy4zmNC+SXAZNB/1idgp/aulFJ4FgCi7GPEVbfyng092GqL2k2rmow==",
			"engines": {
				"node": "*"
			}
		},
		"node_modules/dom-walk": {
			"version": "0.1.2",
			"resolved": "https://registry.npmjs.org/dom-walk/-/dom-walk-0.1.2.tgz",
			"integrity": "sha512-6QvTW9mrGeIegrFXdtQi9pk7O/nSK6lSdXW2eqUspN5LWD7UTji2Fqw5V2YLjBpHEoU9Xl/eUWNpDeZvoyOv2w=="
		},
		"node_modules/fs-extra": {
			"version": "3.0.1",
			"resolved": "https://registry.npmjs.org/fs-extra/-/fs-extra-3.0.1.tgz",
			"integrity": "sha512-V3Z3WZWVUYd8hoCL5xfXJCaHWYzmtwW5XWYSlLgERi8PWd8bx1kUHUk8L1BT57e49oKnDDD180mjfrHc1yA9rg==",
			"dependencies": {
				"graceful-fs": "^4.1.2",
				"jsonfile": "^3.0.0",
				"universalify": "^0.1.0"
			}
		},
		"node_modules/global": {
			"version": "4.4.0",
			"resolved": "https://registry.npmjs.org/global/-/global-4.4.0.tgz",
			"integrity": "sha512-wv/LAoHdRE3BeTGz53FAamhGlPLhlssK45usmGFThIi4XqnBmjKQ16u+RNbP7WvigRZDxUsM0J3gcQ5yicaL0w==",
			"dependencies": {
				"min-document": "^2.19.0",
				"process": "^0.11.10"
			}
		},
		"node_modules/graceful-fs": {
			"version": "4.2.11",
			"resolved": "https://registry.npmjs.org/graceful-fs/-/graceful-fs-4.2.11.tgz",
			"integrity": "sha512-RbJ5/jmFcNNCcDV5o9eTnBLJ/HszWV0P73bc+Ff4nS/rJj+YaS6IGyiOL0VoBYX+l1Wrl3k63h/KrH+nhJ0XvQ=="
		},
		"node_modules/imurmurhash": {
			"version": "0.1.4",
			"resolved": "https://registry.npmjs.org/imurmurhash/-/imurmurhash-0.1.4.tgz",
			"integrity": "sha512-JmXMZ6wuvDmLiHEml9ykzqO6lwFbof0GG4IkcGaENdCRDDmMVnny7s5HsIgHCbaq0w2MyPhDqkhTUgS2LU2PHA==",
			"engines": {
				"node": ">=0.8.19"
			}
		},
		"node_modules/is-buffer": {
			"version": "1.1.6",
			"resolved": "https://registry.npmjs.org/is-buffer/-/is-buffer-1.1.6.tgz",
			"integrity": "sha512-NcdALwpXkTm5Zvvbk7owOUSvVvBKDgKP5/ewfXEznmQFfs4ZRmanOeKBTjRVjka3QFoN6XJ+9F3USqfHqTaU5w=="
		},
		"node_modules/jsonfile": {
			"version": "3.0.1",
			"resolved": "https://registry.npmjs.org/jsonfile/-/jsonfile-3.0.1.tgz",
			"integrity": "sha512-oBko6ZHlubVB5mRFkur5vgYR1UyqX+S6Y/oCfLhqNdcc2fYFlDpIoNc7AfKS1KOGcnNAkvsr0grLck9ANM815w==",
			"optionalDependencies": {
				"graceful-fs": "^4.1.6"
			}
		},
		"node_modules/kew": {
			"version": "0.7.0",
			"resolved": "https://registry.npmjs.org/kew/-/kew-0.7.0.tgz",
			"integrity": "sha512-IG6nm0+QtAMdXt9KvbgbGdvY50RSrw+U4sGZg+KlrSKPJEwVE5JVoI3d7RWfSMdBQneRheeAOj3lIjX5VL/9RQ=="
		},
		"node_modules/m3u8-parser": {
			"version": "4.8.0",
			"resolved": "https://registry.npmjs.org/m3u8-parser/-/m3u8-parser-4.8.0.tgz",
			"integrity": "sha512-UqA2a/Pw3liR6Df3gwxrqghCP17OpPlQj6RBPLYygf/ZSQ4MoSgvdvhvt35qV+3NaaA0FSZx93Ix+2brT1U7cA==",
			"dependencies": {
				"@babel/runtime": "^7.12.5",
				"@videojs/vhs-utils": "^3.0.5",
				"global": "^4.4.0"
			}
		},
		"node_modules/md5": {
			"version": "2.3.0",
			"resolved": "https://registry.npmjs.org/md5/-/md5-2.3.0.tgz",
			"integrity": "sha512-T1GITYmFaKuO91vxyoQMFETst+O71VUPEU3ze5GNzDm0OWdP8v1ziTaAEPUr/3kLsY3Sftgz242A1SetQiDL7g==",
			"dependencies": {
				"charenc": "0.0.2",
				"crypt": "0.0.2",
				"is-buffer": "~1.1.6"
			}
		},
		"node_modules/min-document": {
			"version": "2.19.0",
			"resolved": "https://registry.npmjs.org/min-document/-/min-document-2.19.0.tgz",
			"integrity": "sha512-9Wy1B3m3f66bPPmU5hdA4DR4PB2OfDU/+GS3yAB7IQozE3tqXaVv2zOjgla7MEGSRv95+ILmOuvhLkOK6wJtCQ==",
			"dependencies": {
				"dom-walk": "^0.1.0"
			}
		},
		"node_modules/miniget": {
			"version": "4.2.3",
			"resolved": "https://registry.npmjs.org/miniget/-/miniget-4.2.3.tgz",
			"integrity": "sha512-SjbDPDICJ1zT+ZvQwK0hUcRY4wxlhhNpHL9nJOB2MEAXRGagTljsO8MEDzQMTFf0Q8g4QNi8P9lEm/g7e+qgzA==",
			"engines": {
				"node": ">=12"
			}
		},
		"node_modules/mixcloud-fetch": {
			"version": "0.1.1",
			"resolved": "https://registry.npmjs.org/mixcloud-fetch/-/mixcloud-fetch-0.1.1.tgz",
			"integrity": "sha512-XVqgC4gZxGLp+u5b4LmXnqqgZ7JUrjzDMDkbnqnxkSq/WMXjLndYkcvzUx3cvaZIjzoIle0bOnJU23ZFdYBDZw==",
			"dependencies": {
				"base64-min": "^2.0.0",
				"bottleneck": "^2.19.5",
				"node-cache": "^5.1.2",
				"node-fetch": "^2.6.1"
			}
		},
		"node_modules/multimap": {
			"version": "1.0.1",
			"resolved": "https://registry.npmjs.org/multimap/-/multimap-1.0.1.tgz",
			"integrity": "sha512-3BA0yy/HC53U1emi32s5Kk78bwDG70Hdx4TkPFSCFTNXqsDR10VoX3zJb2Kn+L6U4X929q8WChzEy2HeI7l1Bg=="
		},
		"node_modules/node-cache": {
			"version": "5.1.2",
			"resolved": "https://registry.npmjs.org/node-cache/-/node-cache-5.1.2.tgz",
			"integrity": "sha512-t1QzWwnk4sjLWaQAS8CHgOJ+RAfmHpxFWmc36IWTiWHQfs0w5JDMBS1b1ZxQteo0vVVuWJvIUKHDkkeK7vIGCg==",
			"dependencies": {
				"clone": "2.x"
			},
			"engines": {
				"node": ">= 8.0.0"
			}
		},
		"node_modules/node-fetch": {
			"version": "2.7.0",
			"resolved": "https://registry.npmjs.org/node-fetch/-/node-fetch-2.7.0.tgz",
			"integrity": "sha512-c4FRfUm/dbcWZ7U+1Wq0AwCyFL+3nt2bEw05wfxSz+DWpWsitgmSgYmy2dQdWyKC1694ELPqMs/YzUSNozLt8A==",
			"dependencies": {
				"whatwg-url": "^5.0.0"
			},
			"engines": {
				"node": "4.x || >=6.0.0"
			},
			"peerDependencies": {
				"encoding": "^0.1.0"
			},
			"peerDependenciesMeta": {
				"encoding": {
					"optional": true
				}
			}
		},
		"node_modules/process": {
			"version": "0.11.10",
			"resolved": "https://registry.npmjs.org/process/-/process-0.11.10.tgz",
			"integrity": "sha512-cdGef/drWFoydD1JsMzuFf8100nZl+GT+yacc2bEced5f9Rjk4z+WtFUTBu9PhOi9j/jfmBPu0mMEY4wIdAF8A==",
			"engines": {
				"node": ">= 0.6.0"
			}
		},
		"node_modules/regenerator-runtime": {
			"version": "0.14.0",
			"resolved": "https://registry.npmjs.org/regenerator-runtime/-/regenerator-runtime-0.14.0.tgz",
			"integrity": "sha512-srw17NI0TUWHuGa5CFGGmhfNIeja30WMBfbslPNhf6JrqQlLN5gcrvig1oqPxiVaXb0oW0XRKtH6Nngs5lKCIA=="
		},
		"node_modules/slide": {
			"version": "1.1.6",
			"resolved": "https://registry.npmjs.org/slide/-/slide-1.1.6.tgz",
			"integrity": "sha512-NwrtjCg+lZoqhFU8fOwl4ay2ei8PaqCBOUV3/ektPY9trO1yQ1oXEfmHAhKArUVUr/hOHvy5f6AdP17dCM0zMw==",
			"engines": {
				"node": "*"
			}
		},
		"node_modules/slugify": {
			"version": "1.6.6",
			"resolved": "https://registry.npmjs.org/slugify/-/slugify-1.6.6.tgz",
			"integrity": "sha512-h+z7HKHYXj6wJU+AnS/+IH8Uh9fdcX1Lrhg1/VMdf9PwoBQXFcXiAdsy2tSK0P6gKwJLXp02r90ahUCqHk9rrw==",
			"engines": {
				"node": ">=8.0.0"
			}
		},
		"node_modules/string-format": {
			"version": "2.0.0",
			"resolved": "https://registry.npmjs.org/string-format/-/string-format-2.0.0.tgz",
			"integrity": "sha512-bbEs3scLeYNXLecRRuk6uJxdXUSj6le/8rNPHChIJTn2V79aXVTR1EH2OH5zLKKoz0V02fOUKZZcw01pLUShZA=="
		},
		"node_modules/tr46": {
			"version": "0.0.3",
			"resolved": "https://registry.npmjs.org/tr46/-/tr46-0.0.3.tgz",
			"integrity": "sha512-N3WMsuqV66lT30CrXNbEjx4GEwlow3v6rr4mCcv6prnfwhS01rkgyFdjPNBYd9br7LpXV1+Emh01fHnq2Gdgrw=="
		},
		"node_modules/universalify": {
			"version": "0.1.2",
			"resolved": "https://registry.npmjs.org/universalify/-/universalify-0.1.2.tgz",
			"integrity": "sha512-rBJeI5CXAlmy1pV+617WB9J63U6XcazHHF2f2dbJix4XzpUF0RS3Zbj0FGIOCAva5P/d/GBOYaACQ1w+0azUkg==",
			"engines": {
				"node": ">= 4.0.0"
			}
		},
		"node_modules/url-toolkit": {
			"version": "2.2.5",
			"resolved": "https://registry.npmjs.org/url-toolkit/-/url-toolkit-2.2.5.tgz",
			"integrity": "sha512-mtN6xk+Nac+oyJ/PrI7tzfmomRVNFIWKUbG8jdYFt52hxbiReFAXIjYskvu64/dvuW71IcB7lV8l0HvZMac6Jg=="
		},
		"node_modules/v-conf": {
			"version": "1.4.3",
			"resolved": "https://registry.npmjs.org/v-conf/-/v-conf-1.4.3.tgz",
			"integrity": "sha512-jhnAhXDbzorq3pkoqrOzbiLP0yO4rxlfmWUvUuffDM6Dz6YZRN/LfzS1WmvJOFeq8CWapLRyO2std/U2VsOpBg==",
			"dependencies": {
				"fs-extra": "^3.0.1",
				"multimap": "1.0.1",
				"write-file-atomic": "1.3.1"
			}
		},
		"node_modules/webidl-conversions": {
			"version": "3.0.1",
			"resolved": "https://registry.npmjs.org/webidl-conversions/-/webidl-conversions-3.0.1.tgz",
			"integrity": "sha512-2JAn3z8AR6rjK8Sm8orRC0h/bcl/DqL7tRPdGZ4I1CjdF+EaMLmYxBHyXuKL849eucPFhvBoxMsflfOb8kxaeQ=="
		},
		"node_modules/whatwg-url": {
			"version": "5.0.0",
			"resolved": "https://registry.npmjs.org/whatwg-url/-/whatwg-url-5.0.0.tgz",
			"integrity": "sha512-saE57nupxk6v3HY35+jzBwYa0rKSy0XR8JSxZPwgLr7ys0IBzhGviA1/TUGJLmSVqs8pb9AnvICXEuOHLprYTw==",
			"dependencies": {
				"tr46": "~0.0.3",
				"webidl-conversions": "^3.0.0"
			}
		},
		"node_modules/write-file-atomic": {
			"version": "1.3.1",
			"resolved": "https://registry.npmjs.org/write-file-atomic/-/write-file-atomic-1.3.1.tgz",
			"integrity": "sha512-RCTmbZJFENrUmJVmdaf3SiIDlP1YQGFub6P/WbrTxKHKLWmhnSgaM/cYsjxDwnzD0gVE2tlTUpX6Zr/9V4+DQg==",
			"dependencies": {
				"graceful-fs": "^4.1.11",
				"imurmurhash": "^0.1.4",
				"slide": "^1.1.5"
			}
		}
	},
	"dependencies": {
		"@babel/runtime": {
			"version": "7.22.15",
			"resolved": "https://registry.npmjs.org/@babel/runtime/-/runtime-7.22.15.tgz",
			"integrity": "sha512-T0O+aa+4w0u06iNmapipJXMV4HoUir03hpx3/YqXXhu9xim3w+dVphjFWl1OH8NbZHw5Lbm9k45drDkgq2VNNA==",
			"requires": {
				"regenerator-runtime": "^0.14.0"
			}
		},
		"@videojs/vhs-utils": {
			"version": "3.0.5",
			"resolved": "https://registry.npmjs.org/@videojs/vhs-utils/-/vhs-utils-3.0.5.tgz",
			"integrity": "sha512-PKVgdo8/GReqdx512F+ombhS+Bzogiofy1LgAj4tN8PfdBx3HSS7V5WfJotKTqtOWGwVfSWsrYN/t09/DSryrw==",
			"requires": {
				"@babel/runtime": "^7.12.5",
				"global": "^4.4.0",
				"url-toolkit": "^2.2.1"
			}
		},
		"array-shuffle": {
			"version": "2.0.0",
			"resolved": "https://registry.npmjs.org/array-shuffle/-/array-shuffle-2.0.0.tgz",
			"integrity": "sha512-rJTchCppiO6QsQnN51KDH1cgMYm13B+ybxFS5GgdBdTTHpZcrq3M7SOBgzp+L9fqqnjkFDiwdEVcX1wINgl9DQ=="
		},
		"base64-min": {
			"version": "2.0.0",
			"resolved": "https://registry.npmjs.org/base64-min/-/base64-min-2.0.0.tgz",
			"integrity": "sha512-46/BQt043DFuLmaFmMsvFhwF0HROwo3gK3J0JbQSc2crVvI3bQnIb1NDdFqoC3hFZa213jDRIjwOZwy2R2ZUoQ=="
		},
		"bottleneck": {
			"version": "2.19.5",
			"resolved": "https://registry.npmjs.org/bottleneck/-/bottleneck-2.19.5.tgz",
			"integrity": "sha512-VHiNCbI1lKdl44tGrhNfU3lup0Tj/ZBMJB5/2ZbNXRCPuRCO7ed2mgcK4r17y+KB2EfuYuRaVlwNbAeaWGSpbw=="
		},
		"charenc": {
			"version": "0.0.2",
			"resolved": "https://registry.npmjs.org/charenc/-/charenc-0.0.2.tgz",
			"integrity": "sha512-yrLQ/yVUFXkzg7EDQsPieE/53+0RlaWTs+wBrvW36cyilJ2SaDWfl4Yj7MtLTXleV9uEKefbAGUPv2/iWSooRA=="
		},
		"clone": {
			"version": "2.1.2",
			"resolved": "https://registry.npmjs.org/clone/-/clone-2.1.2.tgz",
			"integrity": "sha512-3Pe/CF1Nn94hyhIYpjtiLhdCoEoz0DqQ+988E9gmeEdQZlojxnOb74wctFyuwWQHzqyf9X7C7MG8juUpqBJT8w=="
		},
		"crypt": {
			"version": "0.0.2",
			"resolved": "https://registry.npmjs.org/crypt/-/crypt-0.0.2.tgz",
			"integrity": "sha512-mCxBlsHFYh9C+HVpiEacem8FEBnMXgU9gy4zmNC+SXAZNB/1idgp/aulFJ4FgCi7GPEVbfyng092GqL2k2rmow=="
		},
		"dom-walk": {
			"version": "0.1.2",
			"resolved": "https://registry.npmjs.org/dom-walk/-/dom-walk-0.1.2.tgz",
			"integrity": "sha512-6QvTW9mrGeIegrFXdtQi9pk7O/nSK6lSdXW2eqUspN5LWD7UTji2Fqw5V2YLjBpHEoU9Xl/eUWNpDeZvoyOv2w=="
		},
		"fs-extra": {
			"version": "3.0.1",
			"resolved": "https://registry.npmjs.org/fs-extra/-/fs-extra-3.0.1.tgz",
			"integrity": "sha512-V3Z3WZWVUYd8hoCL5xfXJCaHWYzmtwW5XWYSlLgERi8PWd8bx1kUHUk8L1BT57e49oKnDDD180mjfrHc1yA9rg==",
			"requires": {
				"graceful-fs": "^4.1.2",
				"jsonfile": "^3.0.0",
				"universalify": "^0.1.0"
			}
		},
		"global": {
			"version": "4.4.0",
			"resolved": "https://registry.npmjs.org/global/-/global-4.4.0.tgz",
			"integrity": "sha512-wv/LAoHdRE3BeTGz53FAamhGlPLhlssK45usmGFThIi4XqnBmjKQ16u+RNbP7WvigRZDxUsM0J3gcQ5yicaL0w==",
			"requires": {
				"min-document": "^2.19.0",
				"process": "^0.11.10"
			}
		},
		"graceful-fs": {
			"version": "4.2.11",
			"resolved": "https://registry.npmjs.org/graceful-fs/-/graceful-fs-4.2.11.tgz",
			"integrity": "sha512-RbJ5/jmFcNNCcDV5o9eTnBLJ/HszWV0P73bc+Ff4nS/rJj+YaS6IGyiOL0VoBYX+l1Wrl3k63h/KrH+nhJ0XvQ=="
		},
		"imurmurhash": {
			"version": "0.1.4",
			"resolved": "https://registry.npmjs.org/imurmurhash/-/imurmurhash-0.1.4.tgz",
			"integrity": "sha512-JmXMZ6wuvDmLiHEml9ykzqO6lwFbof0GG4IkcGaENdCRDDmMVnny7s5HsIgHCbaq0w2MyPhDqkhTUgS2LU2PHA=="
		},
		"is-buffer": {
			"version": "1.1.6",
			"resolved": "https://registry.npmjs.org/is-buffer/-/is-buffer-1.1.6.tgz",
			"integrity": "sha512-NcdALwpXkTm5Zvvbk7owOUSvVvBKDgKP5/ewfXEznmQFfs4ZRmanOeKBTjRVjka3QFoN6XJ+9F3USqfHqTaU5w=="
		},
		"jsonfile": {
			"version": "3.0.1",
			"resolved": "https://registry.npmjs.org/jsonfile/-/jsonfile-3.0.1.tgz",
			"integrity": "sha512-oBko6ZHlubVB5mRFkur5vgYR1UyqX+S6Y/oCfLhqNdcc2fYFlDpIoNc7AfKS1KOGcnNAkvsr0grLck9ANM815w==",
			"requires": {
				"graceful-fs": "^4.1.6"
			}
		},
		"kew": {
			"version": "0.7.0",
			"resolved": "https://registry.npmjs.org/kew/-/kew-0.7.0.tgz",
			"integrity": "sha512-IG6nm0+QtAMdXt9KvbgbGdvY50RSrw+U4sGZg+KlrSKPJEwVE5JVoI3d7RWfSMdBQneRheeAOj3lIjX5VL/9RQ=="
		},
		"m3u8-parser": {
			"version": "4.8.0",
			"resolved": "https://registry.npmjs.org/m3u8-parser/-/m3u8-parser-4.8.0.tgz",
			"integrity": "sha512-UqA2a/Pw3liR6Df3gwxrqghCP17OpPlQj6RBPLYygf/ZSQ4MoSgvdvhvt35qV+3NaaA0FSZx93Ix+2brT1U7cA==",
			"requires": {
				"@babel/runtime": "^7.12.5",
				"@videojs/vhs-utils": "^3.0.5",
				"global": "^4.4.0"
			}
		},
		"md5": {
			"version": "2.3.0",
			"resolved": "https://registry.npmjs.org/md5/-/md5-2.3.0.tgz",
			"integrity": "sha512-T1GITYmFaKuO91vxyoQMFETst+O71VUPEU3ze5GNzDm0OWdP8v1ziTaAEPUr/3kLsY3Sftgz242A1SetQiDL7g==",
			"requires": {
				"charenc": "0.0.2",
				"crypt": "0.0.2",
				"is-buffer": "~1.1.6"
			}
		},
		"min-document": {
			"version": "2.19.0",
			"resolved": "https://registry.npmjs.org/min-document/-/min-document-2.19.0.tgz",
			"integrity": "sha512-9Wy1B3m3f66bPPmU5hdA4DR4PB2OfDU/+GS3yAB7IQozE3tqXaVv2zOjgla7MEGSRv95+ILmOuvhLkOK6wJtCQ==",
			"requires": {
				"dom-walk": "^0.1.0"
			}
		},
		"miniget": {
			"version": "4.2.3",
			"resolved": "https://registry.npmjs.org/miniget/-/miniget-4.2.3.tgz",
			"integrity": "sha512-SjbDPDICJ1zT+ZvQwK0hUcRY4wxlhhNpHL9nJOB2MEAXRGagTljsO8MEDzQMTFf0Q8g4QNi8P9lEm/g7e+qgzA=="
		},
		"mixcloud-fetch": {
			"version": "0.1.1",
			"resolved": "https://registry.npmjs.org/mixcloud-fetch/-/mixcloud-fetch-0.1.1.tgz",
			"integrity": "sha512-XVqgC4gZxGLp+u5b4LmXnqqgZ7JUrjzDMDkbnqnxkSq/WMXjLndYkcvzUx3cvaZIjzoIle0bOnJU23ZFdYBDZw==",
			"requires": {
				"base64-min": "^2.0.0",
				"bottleneck": "^2.19.5",
				"node-cache": "^5.1.2",
				"node-fetch": "^2.6.1"
			}
		},
		"multimap": {
			"version": "1.0.1",
			"resolved": "https://registry.npmjs.org/multimap/-/multimap-1.0.1.tgz",
			"integrity": "sha512-3BA0yy/HC53U1emi32s5Kk78bwDG70Hdx4TkPFSCFTNXqsDR10VoX3zJb2Kn+L6U4X929q8WChzEy2HeI7l1Bg=="
		},
		"node-cache": {
			"version": "5.1.2",
			"resolved": "https://registry.npmjs.org/node-cache/-/node-cache-5.1.2.tgz",
			"integrity": "sha512-t1QzWwnk4sjLWaQAS8CHgOJ+RAfmHpxFWmc36IWTiWHQfs0w5JDMBS1b1ZxQteo0vVVuWJvIUKHDkkeK7vIGCg==",
			"requires": {
				"clone": "2.x"
			}
		},
		"node-fetch": {
			"version": "2.7.0",
			"resolved": "https://registry.npmjs.org/node-fetch/-/node-fetch-2.7.0.tgz",
			"integrity": "sha512-c4FRfUm/dbcWZ7U+1Wq0AwCyFL+3nt2bEw05wfxSz+DWpWsitgmSgYmy2dQdWyKC1694ELPqMs/YzUSNozLt8A==",
			"requires": {
				"whatwg-url": "^5.0.0"
			}
		},
		"process": {
			"version": "0.11.10",
			"resolved": "https://registry.npmjs.org/process/-/process-0.11.10.tgz",
			"integrity": "sha512-cdGef/drWFoydD1JsMzuFf8100nZl+GT+yacc2bEced5f9Rjk4z+WtFUTBu9PhOi9j/jfmBPu0mMEY4wIdAF8A=="
		},
		"regenerator-runtime": {
			"version": "0.14.0",
			"resolved": "https://registry.npmjs.org/regenerator-runtime/-/regenerator-runtime-0.14.0.tgz",
			"integrity": "sha512-srw17NI0TUWHuGa5CFGGmhfNIeja30WMBfbslPNhf6JrqQlLN5gcrvig1oqPxiVaXb0oW0XRKtH6Nngs5lKCIA=="
		},
		"slide": {
			"version": "1.1.6",
			"resolved": "https://registry.npmjs.org/slide/-/slide-1.1.6.tgz",
			"integrity": "sha512-NwrtjCg+lZoqhFU8fOwl4ay2ei8PaqCBOUV3/ektPY9trO1yQ1oXEfmHAhKArUVUr/hOHvy5f6AdP17dCM0zMw=="
		},
		"slugify": {
			"version": "1.6.6",
			"resolved": "https://registry.npmjs.org/slugify/-/slugify-1.6.6.tgz",
			"integrity": "sha512-h+z7HKHYXj6wJU+AnS/+IH8Uh9fdcX1Lrhg1/VMdf9PwoBQXFcXiAdsy2tSK0P6gKwJLXp02r90ahUCqHk9rrw=="
		},
		"string-format": {
			"version": "2.0.0",
			"resolved": "https://registry.npmjs.org/string-format/-/string-format-2.0.0.tgz",
			"integrity": "sha512-bbEs3scLeYNXLecRRuk6uJxdXUSj6le/8rNPHChIJTn2V79aXVTR1EH2OH5zLKKoz0V02fOUKZZcw01pLUShZA=="
		},
		"tr46": {
			"version": "0.0.3",
			"resolved": "https://registry.npmjs.org/tr46/-/tr46-0.0.3.tgz",
			"integrity": "sha512-N3WMsuqV66lT30CrXNbEjx4GEwlow3v6rr4mCcv6prnfwhS01rkgyFdjPNBYd9br7LpXV1+Emh01fHnq2Gdgrw=="
		},
		"universalify": {
			"version": "0.1.2",
			"resolved": "https://registry.npmjs.org/universalify/-/universalify-0.1.2.tgz",
			"integrity": "sha512-rBJeI5CXAlmy1pV+617WB9J63U6XcazHHF2f2dbJix4XzpUF0RS3Zbj0FGIOCAva5P/d/GBOYaACQ1w+0azUkg=="
		},
		"url-toolkit": {
			"version": "2.2.5",
			"resolved": "https://registry.npmjs.org/url-toolkit/-/url-toolkit-2.2.5.tgz",
			"integrity": "sha512-mtN6xk+Nac+oyJ/PrI7tzfmomRVNFIWKUbG8jdYFt52hxbiReFAXIjYskvu64/dvuW71IcB7lV8l0HvZMac6Jg=="
		},
		"v-conf": {
			"version": "1.4.3",
			"resolved": "https://registry.npmjs.org/v-conf/-/v-conf-1.4.3.tgz",
			"integrity": "sha512-jhnAhXDbzorq3pkoqrOzbiLP0yO4rxlfmWUvUuffDM6Dz6YZRN/LfzS1WmvJOFeq8CWapLRyO2std/U2VsOpBg==",
			"requires": {
				"fs-extra": "^3.0.1",
				"multimap": "1.0.1",
				"write-file-atomic": "1.3.1"
			}
		},
		"webidl-conversions": {
			"version": "3.0.1",
			"resolved": "https://registry.npmjs.org/webidl-conversions/-/webidl-conversions-3.0.1.tgz",
			"integrity": "sha512-2JAn3z8AR6rjK8Sm8orRC0h/bcl/DqL7tRPdGZ4I1CjdF+EaMLmYxBHyXuKL849eucPFhvBoxMsflfOb8kxaeQ=="
		},
		"whatwg-url": {
			"version": "5.0.0",
			"resolved": "https://registry.npmjs.org/whatwg-url/-/whatwg-url-5.0.0.tgz",
			"integrity": "sha512-saE57nupxk6v3HY35+jzBwYa0rKSy0XR8JSxZPwgLr7ys0IBzhGviA1/TUGJLmSVqs8pb9AnvICXEuOHLprYTw==",
			"requires": {
				"tr46": "~0.0.3",
				"webidl-conversions": "^3.0.0"
			}
		},
		"write-file-atomic": {
			"version": "1.3.1",
			"resolved": "https://registry.npmjs.org/write-file-atomic/-/write-file-atomic-1.3.1.tgz",
			"integrity": "sha512-RCTmbZJFENrUmJVmdaf3SiIDlP1YQGFub6P/WbrTxKHKLWmhnSgaM/cYsjxDwnzD0gVE2tlTUpX6Zr/9V4+DQg==",
			"requires": {
				"graceful-fs": "^4.1.11",
				"imurmurhash": "^0.1.4",
				"slide": "^1.1.5"
			}
		}
	}
}
