{
  "name": "testspi",
  "version": "1.0.0",
  "lockfileVersion": 3,
  "requires": true,
  "packages": {
    "": {
      "name": "testspi",
      "version": "1.0.0",
      "license": "ISC",
      "dependencies": {
        "date-and-time": "^3.6.0"
      }
    },
    "node_modules/date-and-time": {
      "version": "3.6.0",
      "resolved": "https://registry.npmjs.org/date-and-time/-/date-and-time-3.6.0.tgz",
      "integrity": "sha512-V99gLaMqNQxPCObBumb31Bfy3OByXnpqUM0yHPi/aBQE61g42A2rGk6Z2CDnpLrWsOFLQwOgl4Vgshw6D44ebw=="
    }
  }
}
