{
	"name": "scheduledrestart",
	"version": "0.7.0",
	"lockfileVersion": 1,
	"requires": true,
	"dependencies": {
		"fs-extra": {
			"version": "3.0.1",
			"resolved": "https://registry.npmjs.org/fs-extra/-/fs-extra-3.0.1.tgz",
			"integrity": "sha512-V3Z3WZWVUYd8hoCL5xfXJCaHWYzmtwW5XWYSlLgERi8PWd8bx1kUHUk8L1BT57e49oKnDDD180mjfrHc1yA9rg==",
			"requires": {
				"graceful-fs": "^4.1.2",
				"jsonfile": "^3.0.0",
				"universalify": "^0.1.0"
			}
		},
		"graceful-fs": {
			"version": "4.2.11",
			"resolved": "https://registry.npmjs.org/graceful-fs/-/graceful-fs-4.2.11.tgz",
			"integrity": "sha512-RbJ5/jmFcNNCcDV5o9eTnBLJ/HszWV0P73bc+Ff4nS/rJj+YaS6IGyiOL0VoBYX+l1Wrl3k63h/KrH+nhJ0XvQ=="
		},
		"imurmurhash": {
			"version": "0.1.4",
			"resolved": "https://registry.npmjs.org/imurmurhash/-/imurmurhash-0.1.4.tgz",
			"integrity": "sha512-JmXMZ6wuvDmLiHEml9ykzqO6lwFbof0GG4IkcGaENdCRDDmMVnny7s5HsIgHCbaq0w2MyPhDqkhTUgS2LU2PHA=="
		},
		"jsonfile": {
			"version": "3.0.1",
			"resolved": "https://registry.npmjs.org/jsonfile/-/jsonfile-3.0.1.tgz",
			"integrity": "sha512-oBko6ZHlubVB5mRFkur5vgYR1UyqX+S6Y/oCfLhqNdcc2fYFlDpIoNc7AfKS1KOGcnNAkvsr0grLck9ANM815w==",
			"requires": {
				"graceful-fs": "^4.1.6"
			}
		},
		"kew": {
			"version": "0.7.0",
			"resolved": "https://registry.npmjs.org/kew/-/kew-0.7.0.tgz",
			"integrity": "sha512-IG6nm0+QtAMdXt9KvbgbGdvY50RSrw+U4sGZg+KlrSKPJEwVE5JVoI3d7RWfSMdBQneRheeAOj3lIjX5VL/9RQ=="
		},
		"multimap": {
			"version": "1.0.1",
			"resolved": "https://registry.npmjs.org/multimap/-/multimap-1.0.1.tgz",
			"integrity": "sha512-3BA0yy/HC53U1emi32s5Kk78bwDG70Hdx4TkPFSCFTNXqsDR10VoX3zJb2Kn+L6U4X929q8WChzEy2HeI7l1Bg=="
		},
		"node-cron": {
			"version": "3.0.3",
			"resolved": "https://registry.npmjs.org/node-cron/-/node-cron-3.0.3.tgz",
			"integrity": "sha512-dOal67//nohNgYWb+nWmg5dkFdIwDm8EpeGYMekPMrngV3637lqnX0lbUcCtgibHTz6SEz7DAIjKvKDFYCnO1A==",
			"requires": {
				"uuid": "8.3.2"
			}
		},
		"slide": {
			"version": "1.1.6",
			"resolved": "https://registry.npmjs.org/slide/-/slide-1.1.6.tgz",
			"integrity": "sha512-NwrtjCg+lZoqhFU8fOwl4ay2ei8PaqCBOUV3/ektPY9trO1yQ1oXEfmHAhKArUVUr/hOHvy5f6AdP17dCM0zMw=="
		},
		"universalify": {
			"version": "0.1.2",
			"resolved": "https://registry.npmjs.org/universalify/-/universalify-0.1.2.tgz",
			"integrity": "sha512-rBJeI5CXAlmy1pV+617WB9J63U6XcazHHF2f2dbJix4XzpUF0RS3Zbj0FGIOCAva5P/d/GBOYaACQ1w+0azUkg=="
		},
		"uuid": {
			"version": "8.3.2",
			"resolved": "https://registry.npmjs.org/uuid/-/uuid-8.3.2.tgz",
			"integrity": "sha512-+NYs2QeMWy+GWFOEm9xnn6HCDp0l7QBD7ml8zLUmJ+93Q5NF0NocErnwkTkXVFNiX3/fpC6afS8Dhb/gz7R7eg=="
		},
		"v-conf": {
			"version": "1.4.3",
			"resolved": "https://registry.npmjs.org/v-conf/-/v-conf-1.4.3.tgz",
			"integrity": "sha512-jhnAhXDbzorq3pkoqrOzbiLP0yO4rxlfmWUvUuffDM6Dz6YZRN/LfzS1WmvJOFeq8CWapLRyO2std/U2VsOpBg==",
			"requires": {
				"fs-extra": "^3.0.1",
				"multimap": "1.0.1",
				"write-file-atomic": "1.3.1"
			}
		},
		"write-file-atomic": {
			"version": "1.3.1",
			"resolved": "https://registry.npmjs.org/write-file-atomic/-/write-file-atomic-1.3.1.tgz",
			"integrity": "sha512-RCTmbZJFENrUmJVmdaf3SiIDlP1YQGFub6P/WbrTxKHKLWmhnSgaM/cYsjxDwnzD0gVE2tlTUpX6Zr/9V4+DQg==",
			"requires": {
				"graceful-fs": "^4.1.11",
				"imurmurhash": "^0.1.4",
				"slide": "^1.1.5"
			}
		}
	}
}
